<?xml version="1.0" encoding="utf-8"?>
<Project ToolsVersion="4.0" xmlns="http://schemas.microsoft.com/developer/msbuild/2003">
  <ItemGroup>
    <Filter Include="assets">
      <UniqueIdentifier>{583885F2-44DA-AFC8-2D95-C31C19D63619}</UniqueIdentifier>
    </Filter>
    <Filter Include="assets\Sounds">
      <UniqueIdentifier>{8362BFD3-EF22-3B0A-B85D-848724DD7FE6}</UniqueIdentifier>
    </Filter>
    <Filter Include="assets\Textures">
      <UniqueIdentifier>{2BED12B3-9778-8077-A089-036C0C94DC77}</UniqueIdentifier>
    </Filter>
    <Filter Include="src">
      <UniqueIdentifier>{2DAB880B-99B4-887C-2230-9F7C8E38947C}</UniqueIdentifier>
    </Filter>
  </ItemGroup>
  <ItemGroup>
    <ClInclude Include="TetriBoard.h" />
    <ClInclude Include="src\SandBox2D.h">
      <Filter>src</Filter>
    </ClInclude>
  </ItemGroup>
  <ItemGroup>
    <ClCompile Include="TetriBoard.cpp" />
    <ClCompile Include="src\SandBox2D.cpp">
      <Filter>src</Filter>
    </ClCompile>
    <ClCompile Include="src\SandboxApp.cpp">
      <Filter>src</Filter>
    </ClCompile>
  </ItemGroup>
  <ItemGroup>
    <None Include="assets\Sounds\start.mp3">
      <Filter>assets\Sounds</Filter>
    </None>
    <None Include="assets\Shaders\baseShader.glsl" />
    <None Include="assets\Shaders\flatColorShader.glsl" />
  </ItemGroup>
  <ItemGroup>
    <Image Include="assets\Textures\KCLogo.png">
      <Filter>assets\Textures</Filter>
    </Image>
    <Image Include="assets\Textures\KCLogoB.png">
      <Filter>assets\Textures</Filter>
    </Image>
    <Image Include="assets\Textures\rainbow.png">
      <Filter>assets\Textures</Filter>
    </Image>
    <Image Include="assets\Shaders\WhitePixel.png" />
    <Image Include="assets\Textures\tetriblock.png" />
    <Image Include="assets\Textures\tetris.png" />
  </ItemGroup>
  <ItemGroup>
    <Font Include="assets\Textures\Roboto.ttf" />
    <Font Include="assets\Textures\Lav.ttf" />
  </ItemGroup>
</Project>